// !$*UTF8*$!
{
	archiveVersion = 1;
	classes = {
	};
	objectVersion = 55;
	objects = {

/* Begin PBXBuildFile section */
		B273BEBE28C3EF2C00114ED1 /* AppDelegate.swift in Sources */ = {isa = PBXBuildFile; fileRef = B273BEBD28C3EF2C00114ED1 /* AppDelegate.swift */; };
		B273BEC028C3EF2C00114ED1 /* SceneDelegate.swift in Sources */ = {isa = PBXBuildFile; fileRef = B273BEBF28C3EF2C00114ED1 /* SceneDelegate.swift */; };
		B273BEC228C3EF2C00114ED1 /* ViewController.swift in Sources */ = {isa = PBXBuildFile; fileRef = B273BEC128C3EF2C00114ED1 /* ViewController.swift */; };
		B273BEC528C3EF2C00114ED1 /* Main.storyboard in Resources */ = {isa = PBXBuildFile; fileRef = B273BEC328C3EF2C00114ED1 /* Main.storyboard */; };
		B273BEC728C3EF2F00114ED1 /* Assets.xcassets in Resources */ = {isa = PBXBuildFile; fileRef = B273BEC628C3EF2F00114ED1 /* Assets.xcassets */; };
		B273BECA28C3EF2F00114ED1 /* LaunchScreen.storyboard in Resources */ = {isa = PBXBuildFile; fileRef = B273BEC828C3EF2F00114ED1 /* LaunchScreen.storyboard */; };
		B273BEE528C596D100114ED1 /* DataModel.swift in Sources */ = {isa = PBXBuildFile; fileRef = B273BEE428C596D100114ED1 /* DataModel.swift */; };
		B273BEE828C7C09E00114ED1 /* README.md in Resources */ = {isa = PBXBuildFile; fileRef = B273BEE728C7C09E00114ED1 /* README.md */; };
		B2C2CDFF28D3858D000E85C2 /* ECE564Cohort.json in Resources */ = {isa = PBXBuildFile; fileRef = B2C2CDFE28D3858D000E85C2 /* ECE564Cohort.json */; };
		B2C9657828D1516A007D7938 /* JSONManager.swift in Sources */ = {isa = PBXBuildFile; fileRef = B2C9657728D1516A007D7938 /* JSONManager.swift */; };
		B2C9657B28D20DC6007D7938 /* UIImageView.swift in Sources */ = {isa = PBXBuildFile; fileRef = B2C9657A28D20DC6007D7938 /* UIImageView.swift */; };
/* End PBXBuildFile section */

/* Begin PBXFileReference section */
		B273BEBA28C3EF2C00114ED1 /* ECE564HW.app */ = {isa = PBXFileReference; explicitFileType = wrapper.application; includeInIndex = 0; path = ECE564HW.app; sourceTree = BUILT_PRODUCTS_DIR; };
		B273BEBD28C3EF2C00114ED1 /* AppDelegate.swift */ = {isa = PBXFileReference; lastKnownFileType = sourcecode.swift; path = AppDelegate.swift; sourceTree = "<group>"; };
		B273BEBF28C3EF2C00114ED1 /* SceneDelegate.swift */ = {isa = PBXFileReference; lastKnownFileType = sourcecode.swift; path = SceneDelegate.swift; sourceTree = "<group>"; };
		B273BEC128C3EF2C00114ED1 /* ViewController.swift */ = {isa = PBXFileReference; lastKnownFileType = sourcecode.swift; name = ViewController.swift; path = "/Users/rashaadratliffbrown/Desktop/Duke-University/fall-2022/ECE-564/ECE564HW/ECE564HW/ViewController.swift"; sourceTree = "<absolute>"; };
		B273BEC428C3EF2C00114ED1 /* Base */ = {isa = PBXFileReference; lastKnownFileType = file.storyboard; name = Base; path = Base.lproj/Main.storyboard; sourceTree = "<group>"; };
		B273BEC628C3EF2F00114ED1 /* Assets.xcassets */ = {isa = PBXFileReference; lastKnownFileType = folder.assetcatalog; path = Assets.xcassets; sourceTree = "<group>"; };
		B273BEC928C3EF2F00114ED1 /* Base */ = {isa = PBXFileReference; lastKnownFileType = file.storyboard; name = Base; path = Base.lproj/LaunchScreen.storyboard; sourceTree = "<group>"; };
		B273BECB28C3EF2F00114ED1 /* Info.plist */ = {isa = PBXFileReference; lastKnownFileType = text.plist.xml; path = Info.plist; sourceTree = "<group>"; };
		B273BEE428C596D100114ED1 /* DataModel.swift */ = {isa = PBXFileReference; lastKnownFileType = sourcecode.swift; path = DataModel.swift; sourceTree = "<group>"; };
		B273BEE728C7C09E00114ED1 /* README.md */ = {isa = PBXFileReference; lastKnownFileType = net.daringfireball.markdown; path = README.md; sourceTree = "<group>"; };
		B27A88CF28CFFBF6000B626D /* testing.playground */ = {isa = PBXFileReference; lastKnownFileType = file.playground; path = testing.playground; sourceTree = "<group>"; xcLanguageSpecificationIdentifier = xcode.lang.swift; };
		B2C2CDFE28D3858D000E85C2 /* ECE564Cohort.json */ = {isa = PBXFileReference; fileEncoding = 4; lastKnownFileType = text.json; path = ECE564Cohort.json; sourceTree = "<group>"; };
		B2C9657728D1516A007D7938 /* JSONManager.swift */ = {isa = PBXFileReference; lastKnownFileType = sourcecode.swift; path = JSONManager.swift; sourceTree = "<group>"; };
		B2C9657A28D20DC6007D7938 /* UIImageView.swift */ = {isa = PBXFileReference; lastKnownFileType = sourcecode.swift; path = UIImageView.swift; sourceTree = "<group>"; };
/* End PBXFileReference section */

/* Begin PBXFrameworksBuildPhase section */
		B273BEB728C3EF2C00114ED1 /* Frameworks */ = {
			isa = PBXFrameworksBuildPhase;
			buildActionMask = 2147483647;
			files = (
			);
			runOnlyForDeploymentPostprocessing = 0;
		};
/* End PBXFrameworksBuildPhase section */

/* Begin PBXGroup section */
		B273BEB128C3EF2C00114ED1 = {
			isa = PBXGroup;
			children = (
				B273BEE728C7C09E00114ED1 /* README.md */,
				B273BEBC28C3EF2C00114ED1 /* ECE564HW */,
				B273BEBB28C3EF2C00114ED1 /* Products */,
			);
			sourceTree = "<group>";
		};
		B273BEBB28C3EF2C00114ED1 /* Products */ = {
			isa = PBXGroup;
			children = (
				B273BEBA28C3EF2C00114ED1 /* ECE564HW.app */,
			);
			name = Products;
			sourceTree = "<group>";
		};
		B273BEBC28C3EF2C00114ED1 /* ECE564HW */ = {
			isa = PBXGroup;
			children = (
				B2C9657E28D21067007D7938 /* SQLite */,
				B2C9657928D20DA8007D7938 /* Extensions */,
				B273BEE428C596D100114ED1 /* DataModel.swift */,
				B2C2CDFE28D3858D000E85C2 /* ECE564Cohort.json */,
				B2C9657728D1516A007D7938 /* JSONManager.swift */,
				B273BEBD28C3EF2C00114ED1 /* AppDelegate.swift */,
				B273BEBF28C3EF2C00114ED1 /* SceneDelegate.swift */,
				B273BEC128C3EF2C00114ED1 /* ViewController.swift */,
				B273BEC328C3EF2C00114ED1 /* Main.storyboard */,
				B273BEC628C3EF2F00114ED1 /* Assets.xcassets */,
				B273BEC828C3EF2F00114ED1 /* LaunchScreen.storyboard */,
				B273BECB28C3EF2F00114ED1 /* Info.plist */,
				B27A88CF28CFFBF6000B626D /* testing.playground */,
			);
			path = ECE564HW;
			sourceTree = "<group>";
		};
		B2C9657928D20DA8007D7938 /* Extensions */ = {
			isa = PBXGroup;
			children = (
				B2C9657A28D20DC6007D7938 /* UIImageView.swift */,
			);
			path = Extensions;
			sourceTree = "<group>";
		};
		B2C9657E28D21067007D7938 /* SQLite */ = {
			isa = PBXGroup;
			children = (
			);
			path = SQLite;
			sourceTree = "<group>";
		};
/* End PBXGroup section */

/* Begin PBXNativeTarget section */
		B273BEB928C3EF2C00114ED1 /* ECE564HW */ = {
			isa = PBXNativeTarget;
			buildConfigurationList = B273BECE28C3EF2F00114ED1 /* Build configuration list for PBXNativeTarget "ECE564HW" */;
			buildPhases = (
				B273BEB628C3EF2C00114ED1 /* Sources */,
				B273BEB728C3EF2C00114ED1 /* Frameworks */,
				B273BEB828C3EF2C00114ED1 /* Resources */,
			);
			buildRules = (
			);
			dependencies = (
			);
			name = ECE564HW;
			productName = ECE564HW;
			productReference = B273BEBA28C3EF2C00114ED1 /* ECE564HW.app */;
			productType = "com.apple.product-type.application";
		};
/* End PBXNativeTarget section */

/* Begin PBXProject section */
		B273BEB228C3EF2C00114ED1 /* Project object */ = {
			isa = PBXProject;
			attributes = {
				BuildIndependentTargetsInParallel = 1;
				LastSwiftUpdateCheck = 1400;
				LastUpgradeCheck = 1400;
				TargetAttributes = {
					B273BEB928C3EF2C00114ED1 = {
						CreatedOnToolsVersion = 14.0;
					};
				};
			};
			buildConfigurationList = B273BEB528C3EF2C00114ED1 /* Build configuration list for PBXProject "ECE564HW" */;
			compatibilityVersion = "Xcode 13.0";
			developmentRegion = en;
			hasScannedForEncodings = 0;
			knownRegions = (
				en,
				Base,
			);
			mainGroup = B273BEB128C3EF2C00114ED1;
			productRefGroup = B273BEBB28C3EF2C00114ED1 /* Products */;
			projectDirPath = "";
			projectRoot = "";
			targets = (
				B273BEB928C3EF2C00114ED1 /* ECE564HW */,
			);
		};
/* End PBXProject section */

/* Begin PBXResourcesBuildPhase section */
		B273BEB828C3EF2C00114ED1 /* Resources */ = {
			isa = PBXResourcesBuildPhase;
			buildActionMask = 2147483647;
			files = (
				B273BECA28C3EF2F00114ED1 /* LaunchScreen.storyboard in Resources */,
				B2C2CDFF28D3858D000E85C2 /* ECE564Cohort.json in Resources */,
				B273BEC728C3EF2F00114ED1 /* Assets.xcassets in Resources */,
				B273BEE828C7C09E00114ED1 /* README.md in Resources */,
				B273BEC528C3EF2C00114ED1 /* Main.storyboard in Resources */,
			);
			runOnlyForDeploymentPostprocessing = 0;
		};
/* End PBXResourcesBuildPhase section */

/* Begin PBXSourcesBuildPhase section */
		B273BEB628C3EF2C00114ED1 /* Sources */ = {
			isa = PBXSourcesBuildPhase;
			buildActionMask = 2147483647;
			files = (
				B273BEE528C596D100114ED1 /* DataModel.swift in Sources */,
				B2C9657828D1516A007D7938 /* JSONManager.swift in Sources */,
				B273BEC228C3EF2C00114ED1 /* ViewController.swift in Sources */,
				B273BEBE28C3EF2C00114ED1 /* AppDelegate.swift in Sources */,
				B2C9657B28D20DC6007D7938 /* UIImageView.swift in Sources */,
				B273BEC028C3EF2C00114ED1 /* SceneDelegate.swift in Sources */,
			);
			runOnlyForDeploymentPostprocessing = 0;
		};
/* End PBXSourcesBuildPhase section */

/* Begin PBXVariantGroup section */
		B273BEC328C3EF2C00114ED1 /* Main.storyboard */ = {
			isa = PBXVariantGroup;
			children = (
				B273BEC428C3EF2C00114ED1 /* Base */,
			);
			name = Main.storyboard;
			sourceTree = "<group>";
		};
		B273BEC828C3EF2F00114ED1 /* LaunchScreen.storyboard */ = {
			isa = PBXVariantGroup;
			children = (
				B273BEC928C3EF2F00114ED1 /* Base */,
			);
			name = LaunchScreen.storyboard;
			sourceTree = "<group>";
		};
/* End PBXVariantGroup section */

/* Begin XCBuildConfiguration section */
		B273BECC28C3EF2F00114ED1 /* Debug */ = {
			isa = XCBuildConfiguration;
			buildSettings = {
				ALWAYS_SEARCH_USER_PATHS = NO;
				CLANG_ANALYZER_NONNULL = YES;
				CLANG_ANALYZER_NUMBER_OBJECT_CONVERSION = YES_AGGRESSIVE;
				CLANG_CXX_LANGUAGE_STANDARD = "gnu++20";
				CLANG_ENABLE_MODULES = YES;
				CLANG_ENABLE_OBJC_ARC = YES;
				CLANG_ENABLE_OBJC_WEAK = YES;
				CLANG_WARN_BLOCK_CAPTURE_AUTORELEASING = YES;
				CLANG_WARN_BOOL_CONVERSION = YES;
				CLANG_WARN_COMMA = YES;
				CLANG_WARN_CONSTANT_CONVERSION = YES;
				CLANG_WARN_DEPRECATED_OBJC_IMPLEMENTATIONS = YES;
				CLANG_WARN_DIRECT_OBJC_ISA_USAGE = YES_ERROR;
				CLANG_WARN_DOCUMENTATION_COMMENTS = YES;
				CLANG_WARN_EMPTY_BODY = YES;
				CLANG_WARN_ENUM_CONVERSION = YES;
				CLANG_WARN_INFINITE_RECURSION = YES;
				CLANG_WARN_INT_CONVERSION = YES;
				CLANG_WARN_NON_LITERAL_NULL_CONVERSION = YES;
				CLANG_WARN_OBJC_IMPLICIT_RETAIN_SELF = YES;
				CLANG_WARN_OBJC_LITERAL_CONVERSION = YES;
				CLANG_WARN_OBJC_ROOT_CLASS = YES_ERROR;
				CLANG_WARN_QUOTED_INCLUDE_IN_FRAMEWORK_HEADER = YES;
				CLANG_WARN_RANGE_LOOP_ANALYSIS = YES;
				CLANG_WARN_STRICT_PROTOTYPES = YES;
				CLANG_WARN_SUSPICIOUS_MOVE = YES;
				CLANG_WARN_UNGUARDED_AVAILABILITY = YES_AGGRESSIVE;
				CLANG_WARN_UNREACHABLE_CODE = YES;
				CLANG_WARN__DUPLICATE_METHOD_MATCH = YES;
				COPY_PHASE_STRIP = NO;
				DEBUG_INFORMATION_FORMAT = dwarf;
				ENABLE_STRICT_OBJC_MSGSEND = YES;
				ENABLE_TESTABILITY = YES;
				GCC_C_LANGUAGE_STANDARD = gnu11;
				GCC_DYNAMIC_NO_PIC = NO;
				GCC_NO_COMMON_BLOCKS = YES;
				GCC_OPTIMIZATION_LEVEL = 0;
				GCC_PREPROCESSOR_DEFINITIONS = (
					"DEBUG=1",
					"$(inherited)",
				);
				GCC_WARN_64_TO_32_BIT_CONVERSION = YES;
				GCC_WARN_ABOUT_RETURN_TYPE = YES_ERROR;
				GCC_WARN_UNDECLARED_SELECTOR = YES;
				GCC_WARN_UNINITIALIZED_AUTOS = YES_AGGRESSIVE;
				GCC_WARN_UNUSED_FUNCTION = YES;
				GCC_WARN_UNUSED_VARIABLE = YES;
				IPHONEOS_DEPLOYMENT_TARGET = 16.0;
				MTL_ENABLE_DEBUG_INFO = INCLUDE_SOURCE;
				MTL_FAST_MATH = YES;
				ONLY_ACTIVE_ARCH = YES;
				SDKROOT = iphoneos;
				SWIFT_ACTIVE_COMPILATION_CONDITIONS = DEBUG;
				SWIFT_OPTIMIZATION_LEVEL = "-Onone";
			};
			name = Debug;
		};
		B273BECD28C3EF2F00114ED1 /* Release */ = {
			isa = XCBuildConfiguration;
			buildSettings = {
				ALWAYS_SEARCH_USER_PATHS = NO;
				CLANG_ANALYZER_NONNULL = YES;
				CLANG_ANALYZER_NUMBER_OBJECT_CONVERSION = YES_AGGRESSIVE;
				CLANG_CXX_LANGUAGE_STANDARD = "gnu++20";
				CLANG_ENABLE_MODULES = YES;
				CLANG_ENABLE_OBJC_ARC = YES;
				CLANG_ENABLE_OBJC_WEAK = YES;
				CLANG_WARN_BLOCK_CAPTURE_AUTORELEASING = YES;
				CLANG_WARN_BOOL_CONVERSION = YES;
				CLANG_WARN_COMMA = YES;
				CLANG_WARN_CONSTANT_CONVERSION = YES;
				CLANG_WARN_DEPRECATED_OBJC_IMPLEMENTATIONS = YES;
				CLANG_WARN_DIRECT_OBJC_ISA_USAGE = YES_ERROR;
				CLANG_WARN_DOCUMENTATION_COMMENTS = YES;
				CLANG_WARN_EMPTY_BODY = YES;
				CLANG_WARN_ENUM_CONVERSION = YES;
				CLANG_WARN_INFINITE_RECURSION = YES;
				CLANG_WARN_INT_CONVERSION = YES;
				CLANG_WARN_NON_LITERAL_NULL_CONVERSION = YES;
				CLANG_WARN_OBJC_IMPLICIT_RETAIN_SELF = YES;
				CLANG_WARN_OBJC_LITERAL_CONVERSION = YES;
				CLANG_WARN_OBJC_ROOT_CLASS = YES_ERROR;
				CLANG_WARN_QUOTED_INCLUDE_IN_FRAMEWORK_HEADER = YES;
				CLANG_WARN_RANGE_LOOP_ANALYSIS = YES;
				CLANG_WARN_STRICT_PROTOTYPES = YES;
				CLANG_WARN_SUSPICIOUS_MOVE = YES;
				CLANG_WARN_UNGUARDED_AVAILABILITY = YES_AGGRESSIVE;
				CLANG_WARN_UNREACHABLE_CODE = YES;
				CLANG_WARN__DUPLICATE_METHOD_MATCH = YES;
				COPY_PHASE_STRIP = NO;
				DEBUG_INFORMATION_FORMAT = "dwarf-with-dsym";
				ENABLE_NS_ASSERTIONS = NO;
				ENABLE_STRICT_OBJC_MSGSEND = YES;
				GCC_C_LANGUAGE_STANDARD = gnu11;
				GCC_NO_COMMON_BLOCKS = YES;
				GCC_WARN_64_TO_32_BIT_CONVERSION = YES;
				GCC_WARN_ABOUT_RETURN_TYPE = YES_ERROR;
				GCC_WARN_UNDECLARED_SELECTOR = YES;
				GCC_WARN_UNINITIALIZED_AUTOS = YES_AGGRESSIVE;
				GCC_WARN_UNUSED_FUNCTION = YES;
				GCC_WARN_UNUSED_VARIABLE = YES;
				IPHONEOS_DEPLOYMENT_TARGET = 16.0;
				MTL_ENABLE_DEBUG_INFO = NO;
				MTL_FAST_MATH = YES;
				SDKROOT = iphoneos;
				SWIFT_COMPILATION_MODE = wholemodule;
				SWIFT_OPTIMIZATION_LEVEL = "-O";
				VALIDATE_PRODUCT = YES;
			};
			name = Release;
		};
		B273BECF28C3EF2F00114ED1 /* Debug */ = {
			isa = XCBuildConfiguration;
			buildSettings = {
				ASSETCATALOG_COMPILER_APPICON_NAME = AppIcon;
				ASSETCATALOG_COMPILER_GLOBAL_ACCENT_COLOR_NAME = AccentColor;
				CODE_SIGN_STYLE = Automatic;
				CURRENT_PROJECT_VERSION = 1;
				DEVELOPMENT_TEAM = 96YBV2A8J7;
				GENERATE_INFOPLIST_FILE = YES;
				INFOPLIST_FILE = ECE564HW/Info.plist;
				INFOPLIST_KEY_UIApplicationSupportsIndirectInputEvents = YES;
				INFOPLIST_KEY_UILaunchStoryboardName = LaunchScreen;
				INFOPLIST_KEY_UIMainStoryboardFile = Main;
				INFOPLIST_KEY_UISupportedInterfaceOrientations_iPad = "UIInterfaceOrientationPortrait UIInterfaceOrientationPortraitUpsideDown UIInterfaceOrientationLandscapeLeft UIInterfaceOrientationLandscapeRight";
				INFOPLIST_KEY_UISupportedInterfaceOrientations_iPhone = "UIInterfaceOrientationPortrait UIInterfaceOrientationLandscapeLeft UIInterfaceOrientationLandscapeRight";
				LD_RUNPATH_SEARCH_PATHS = (
					"$(inherited)",
					"@executable_path/Frameworks",
				);
				MARKETING_VERSION = 1.0;
				PRODUCT_BUNDLE_IDENTIFIER = edu.duke.rmr53.ECE564HW;
				PRODUCT_NAME = "$(TARGET_NAME)";
				SWIFT_EMIT_LOC_STRINGS = YES;
				SWIFT_VERSION = 5.0;
				TARGETED_DEVICE_FAMILY = "1,2";
			};
			name = Debug;
		};
		B273BED028C3EF2F00114ED1 /* Release */ = {
			isa = XCBuildConfiguration;
			buildSettings = {
				ASSETCATALOG_COMPILER_APPICON_NAME = AppIcon;
				ASSETCATALOG_COMPILER_GLOBAL_ACCENT_COLOR_NAME = AccentColor;
				CODE_SIGN_STYLE = Automatic;
				CURRENT_PROJECT_VERSION = 1;
				DEVELOPMENT_TEAM = 96YBV2A8J7;
				GENERATE_INFOPLIST_FILE = YES;
				INFOPLIST_FILE = ECE564HW/Info.plist;
				INFOPLIST_KEY_UIApplicationSupportsIndirectInputEvents = YES;
				INFOPLIST_KEY_UILaunchStoryboardName = LaunchScreen;
				INFOPLIST_KEY_UIMainStoryboardFile = Main;
				INFOPLIST_KEY_UISupportedInterfaceOrientations_iPad = "UIInterfaceOrientationPortrait UIInterfaceOrientationPortraitUpsideDown UIInterfaceOrientationLandscapeLeft UIInterfaceOrientationLandscapeRight";
				INFOPLIST_KEY_UISupportedInterfaceOrientations_iPhone = "UIInterfaceOrientationPortrait UIInterfaceOrientationLandscapeLeft UIInterfaceOrientationLandscapeRight";
				LD_RUNPATH_SEARCH_PATHS = (
					"$(inherited)",
					"@executable_path/Frameworks",
				);
				MARKETING_VERSION = 1.0;
				PRODUCT_BUNDLE_IDENTIFIER = edu.duke.rmr53.ECE564HW;
				PRODUCT_NAME = "$(TARGET_NAME)";
				SWIFT_EMIT_LOC_STRINGS = YES;
				SWIFT_VERSION = 5.0;
				TARGETED_DEVICE_FAMILY = "1,2";
			};
			name = Release;
		};
/* End XCBuildConfiguration section */

/* Begin XCConfigurationList section */
		B273BEB528C3EF2C00114ED1 /* Build configuration list for PBXProject "ECE564HW" */ = {
			isa = XCConfigurationList;
			buildConfigurations = (
				B273BECC28C3EF2F00114ED1 /* Debug */,
				B273BECD28C3EF2F00114ED1 /* Release */,
			);
			defaultConfigurationIsVisible = 0;
			defaultConfigurationName = Release;
		};
		B273BECE28C3EF2F00114ED1 /* Build configuration list for PBXNativeTarget "ECE564HW" */ = {
			isa = XCConfigurationList;
			buildConfigurations = (
				B273BECF28C3EF2F00114ED1 /* Debug */,
				B273BED028C3EF2F00114ED1 /* Release */,
			);
			defaultConfigurationIsVisible = 0;
			defaultConfigurationName = Release;
		};
/* End XCConfigurationList section */
	};
	rootObject = B273BEB228C3EF2C00114ED1 /* Project object */;
}
